<?xml version="1.0" encoding="utf-8"?>
<Project ToolsVersion="4.0" xmlns="http://schemas.microsoft.com/developer/msbuild/2003">
  <ItemGroup>
    <ClCompile Include="main.cpp" />
    <ClCompile Include="StageManager.cpp" />
    <ClCompile Include="Slime.cpp" />
    <ClCompile Include="Block.cpp" />
    <ClCompile Include="Zombie1.cpp" />
    <ClCompile Include="Zombie2.cpp" />
    <ClCompile Include="Zombie3.cpp" />
    <ClCompile Include="Player.cpp" />
    <ClCompile Include="Collision.cpp" />
    <ClCompile Include="Gravity.cpp" />
    <ClCompile Include="brain1.cpp" />
    <ClCompile Include="Brain2.cpp" />
  </ItemGroup>
  <ItemGroup>
    <ClInclude Include="StageManager.h" />
    <ClInclude Include="Monster.h" />
    <ClInclude Include="Slime.h" />
    <ClInclude Include="Block.h" />
    <ClInclude Include="Zombie1.h" />
    <ClInclude Include="Zombie2.h" />
    <ClInclude Include="Zombie3.h" />
    <ClInclude Include="Player.h" />
    <ClInclude Include="PlayerStatus.h" />
    <ClInclude Include="Collision.h" />
    <ClInclude Include="Gravity.h" />
    <ClInclude Include="Brain1.h" />
    <ClInclude Include="Brain2.h" />
    <ClInclude Include="GlobalVariables.h" />
  </ItemGroup>
  <ItemGroup>
    <None Include="Stage.h" />
  </ItemGroup>
</Project>